{
  "name": "your-stars-karin",
  "version": "1.0.0",
  "lockfileVersion": 3,
  "requires": true,
  "packages": {
    "": {
      "name": "your-stars-karin",
      "version": "1.0.0",
      "license": "ISC",
      "dependencies": {
        "caelus": "^0.23.0"
      }
    },
    "node_modules/caelus": {
      "version": "0.23.0",
      "resolved": "https://registry.npmjs.org/caelus/-/caelus-0.23.0.tgz",
      "integrity": "sha512-nHezRfVqV7tLwBB/TuhvuaNL+TtY4HTf//xrlI/E5g/lOz51xgaoCciBO7yX5eArFM2rDII97lk/rxXhHAiT4w==",
      "license": "MIT"
    }
  }
}
